<?xml version="1.0" encoding="utf-8"?>
<Project ToolsVersion="4.0" xmlns="http://schemas.microsoft.com/developer/msbuild/2003">
  <ItemGroup>
    <ClCompile Include="src\bonus\Bonus.cpp" />
    <ClCompile Include="src\bonus\InvincibilityBonus.cpp" />
    <ClCompile Include="src\bonus\ScoreMultiplierBonus.cpp" />
    <ClCompile Include="src\bonus\SlowModeBonus.cpp" />
    <ClCompile Include="src\core\Animation.cpp" />
    <ClCompile Include="src\core\Entity.cpp" />
    <ClCompile Include="src\core\Game.cpp" />
    <ClCompile Include="src\enemies\Shuriken.cpp" />
    <ClCompile Include="src\main.cpp" />
    <ClCompile Include="src\map\Map.cpp" />
    <ClCompile Include="src\player\Player.cpp" />
    <ClCompile Include="src\ui\InGameUI.cpp" />
    <ClCompile Include="src\ui\MainMenu.cpp" />
    <ClCompile Include="src\ui\OptionMenu.cpp" />
    <ClCompile Include="src\ui\PauseMenu.cpp" />
  </ItemGroup>
  <ItemGroup>
    <ClInclude Include="include\bonus\Bonus.h" />
    <ClInclude Include="include\bonus\InvincibilityBonus.h" />
    <ClInclude Include="include\bonus\ScoreMultiplierBonus.h" />
    <ClInclude Include="include\bonus\SlowModeBonus.h" />
    <ClInclude Include="include\core\Animation.h" />
    <ClInclude Include="include\core\Entity.h" />
    <ClInclude Include="include\core\Game.h" />
    <ClInclude Include="include\enemies\Shuriken.h" />
    <ClInclude Include="include\map\Map.h" />
    <ClInclude Include="include\player\Player.h" />
    <ClInclude Include="include\ui\InGameUI.h" />
    <ClInclude Include="include\ui\MainMenu.h" />
    <ClInclude Include="include\ui\OptionMenu.h" />
    <ClInclude Include="include\ui\PauseMenu.h" />
    <ClInclude Include="include\ui\Utils.h" />
  </ItemGroup>
</Project>